bazil.org/fuse v0.0.0-20191225072544-27e78e7d88df h1:Jse+TREHl28kVQHa2qqDSPztzyr9UlIph013BRGYmVQ=
bazil.org/fuse v0.0.0-20191225072544-27e78e7d88df/go.mod h1:FbcW6z/2VytnFDhZfumh8Ss8zxHE6qpMP5sHTRe0EaM=
github.com/c9s/goprocinfo v0.0.0-20191125144613-4acdd056c72d h1:MQGrhPHSxg08x+LKgQTOnnjfXt+p+128WCECqAYXJsU=
github.com/c9s/goprocinfo v0.0.0-20191125144613-4acdd056c72d/go.mod h1:uEyr4WpAH4hio6LFriaPkL938XnrvLpNPmQHBdrmbIE=
github.com/godbus/dbus v4.1.0+incompatible h1:WqqLRTsQic3apZUK9qC5sGNfXthmPXzUZ7nQPrNITa4=
github.com/godbus/dbus v4.1.0+incompatible/go.mod h1:/YcGZj5zSblfDWMMoOzV4fas9FZnQYTkDnsGvmh2Grw=
github.com/millerlogic/go-notify v0.0.0-20190209221809-c404b1f22435 h1:HzMZ59U5cvpEGLhGjyR90O64hK5nM+5uE/WsKkOdBaw=
github.com/millerlogic/go-notify v0.0.0-20190209221809-c404b1f22435/go.mod h1:q3bLaHuaR+a2EZ+ku/QSnqBhvXg1TunkK+WOXTD3j40=
github.com/millerlogic/loopback v0.0.0-20190212000148-c82907205317 h1:Vy9+ERUQtf4FNzKjBlrnFZTdopybXQKzqsEeCT0EhaA=
github.com/millerlogic/loopback v0.0.0-20190212000148-c82907205317/go.mod h1:I++xY1QzVxNHCU2RS87Hdt1XYNyaZZeH40gk/qtgsas=
github.com/pkg/errors v0.8.1 h1:iURUrRGxPUNPdy5/HRSm+Yj6okJ6UtLINN0Q9M4+h3I=
github.com/pkg/errors v0.8.1/go.mod h1:bwawxfHBFNV+L2hUp1rHADufV3IMtnDRdf1r5NINEl0=
github.com/tv42/httpunix v0.0.0-20191220191345-2ba4b9c3382c/go.mod h1:hzIxponao9Kjc7aWznkXaL4U4TWaDSs8zcsY4Ka08nM=
golang.org/x/crypto v0.0.0-20190308221718-c2843e01d9a2/go.mod h1:djNgcEr1/C05ACkg1iLfiJU5Ep61QUkGW8qpdssI0+w=
golang.org/x/net v0.0.0-20191209160850-c0dbc17a3553 h1:efeOvDhwQ29Dj3SdAV/MJf8oukgn+8D8WgaCaRMchF8=
golang.org/x/net v0.0.0-20191209160850-c0dbc17a3553/go.mod h1:z5CRVTTTmAJ677TzLLGU+0bjPO0LkuOLi4/5GtJWs/s=
golang.org/x/sync v0.0.0-20190911185100-cd5d95a43a6e h1:vcxGaoTs7kV8m5Np9uUNQin4BrLOthgV7252N8V+FwY=
golang.org/x/sync v0.0.0-20190911185100-cd5d95a43a6e/go.mod h1:RxMgew5VJxzue5/jJTE5uejpjVlOe/izrB70Jof72aM=
golang.org/x/sys v0.0.0-20190215142949-d0b11bdaac8a/go.mod h1:STP8DvDyc/dI5b8T5hshtkjS+E42TnysNCUPdjciGhY=
golang.org/x/sys v0.0.0-20191210023423-ac6580df4449/go.mod h1:h1NjWce9XRLGQEsW7wpKNCjG9DtNlClVuFLEZdDNbEs=
golang.org/x/text v0.3.0/go.mod h1:NqM8EUOU14njkJ3fqMW+pc6Ldnwhi/IjpwHt7yyuwOQ=
